<Solution>
  <Folder Name="/src/">
    <Project Path="src/PasswordManager.Core/PasswordManager.Core.csproj" />
    <Project Path="src/PasswordManager.Data/PasswordManager.Data.csproj" />
    <Project Path="src/PasswordManager.Web/PasswordManager.Web.csproj" />
  </Folder>
  <Folder Name="/tests/">
    <Project Path="tests/PasswordManager.Tests.Unit/PasswordManager.Tests.Unit.csproj" />
    <Project Path="tests/PasswordManager.Tests.Integration/PasswordManager.Tests.Integration.csproj" />
  </Folder>
</Solution>
